{
  "name": "hr-countdown-timer",
  "version": "1.0.0",
  "lockfileVersion": 2,
  "requires": true,
  "packages": {
    "": {
      "name": "hr-countdown-timer",
      "version": "1.0.0",
      "license": "ISC",
      "dependencies": {
        "@types/uuid": "^9.0.0",
        "uuid": "^9.0.0"
      },
      "devDependencies": {
        "@types/bootstrap": "^5.2.6",
        "@types/jquery": "^3.5.14",
        "jquery": "^3.6.2",
        "typescript": "^4.9.4"
      }
    },
    "node_modules/@popperjs/core": {
      "version": "2.11.6",
      "resolved": "https://registry.npmjs.org/@popperjs/core/-/core-2.11.6.tgz",
      "integrity": "sha512-50/17A98tWUfQ176raKiOGXuYpLyyVMkxxG6oylzL3BPOlA6ADGdK7EYunSa4I064xerltq9TGXs8HmOk5E+vw==",
      "dev": true,
      "funding": {
        "type": "opencollective",
        "url": "https://opencollective.com/popperjs"
      }
    },
    "node_modules/@types/bootstrap": {
      "version": "5.2.6",
      "resolved": "https://registry.npmjs.org/@types/bootstrap/-/bootstrap-5.2.6.tgz",
      "integrity": "sha512-BlAc3YATdasbHoxMoBWODrSF6qwQO/E9X8wVxCCSa6rWjnaZfpkr2N6pUMCY6jj2+wf0muUtLySbvU9etX6YqA==",
      "dev": true,
      "dependencies": {
        "@popperjs/core": "^2.9.2"
      }
    },
    "node_modules/@types/jquery": {
      "version": "3.5.14",
      "resolved": "https://registry.npmjs.org/@types/jquery/-/jquery-3.5.14.tgz",
      "integrity": "sha512-X1gtMRMbziVQkErhTQmSe2jFwwENA/Zr+PprCkF63vFq+Yt5PZ4AlKqgmeNlwgn7dhsXEK888eIW2520EpC+xg==",
      "dev": true,
      "dependencies": {
        "@types/sizzle": "*"
      }
    },
    "node_modules/@types/sizzle": {
      "version": "2.3.3",
      "resolved": "https://registry.npmjs.org/@types/sizzle/-/sizzle-2.3.3.tgz",
      "integrity": "sha512-JYM8x9EGF163bEyhdJBpR2QX1R5naCJHC8ucJylJ3w9/CVBaskdQ8WqBf8MmQrd1kRvp/a4TS8HJ+bxzR7ZJYQ==",
      "dev": true
    },
    "node_modules/@types/uuid": {
      "version": "9.0.0",
      "resolved": "https://registry.npmjs.org/@types/uuid/-/uuid-9.0.0.tgz",
      "integrity": "sha512-kr90f+ERiQtKWMz5rP32ltJ/BtULDI5RVO0uavn1HQUOwjx0R1h0rnDYNL0CepF1zL5bSY6FISAfd9tOdDhU5Q=="
    },
    "node_modules/jquery": {
      "version": "3.6.2",
      "resolved": "https://registry.npmjs.org/jquery/-/jquery-3.6.2.tgz",
      "integrity": "sha512-/e7ulNIEEYk1Z/l4X0vpxGt+B/dNsV8ghOPAWZaJs8pkGvsSC0tm33aMGylXcj/U7y4IcvwtMXPMyBFZn/gK9A==",
      "dev": true
    },
    "node_modules/typescript": {
      "version": "4.9.4",
      "resolved": "https://registry.npmjs.org/typescript/-/typescript-4.9.4.tgz",
      "integrity": "sha512-Uz+dTXYzxXXbsFpM86Wh3dKCxrQqUcVMxwU54orwlJjOpO3ao8L7j5lH+dWfTwgCwIuM9GQ2kvVotzYJMXTBZg==",
      "dev": true,
      "bin": {
        "tsc": "bin/tsc",
        "tsserver": "bin/tsserver"
      },
      "engines": {
        "node": ">=4.2.0"
      }
    },
    "node_modules/uuid": {
      "version": "9.0.0",
      "resolved": "https://registry.npmjs.org/uuid/-/uuid-9.0.0.tgz",
      "integrity": "sha512-MXcSTerfPa4uqyzStbRoTgt5XIe3x5+42+q1sDuy3R5MDk66URdLMOZe5aPX/SQd+kuYAh0FdP/pO28IkQyTeg==",
      "bin": {
        "uuid": "dist/bin/uuid"
      }
    }
  },
  "dependencies": {
    "@popperjs/core": {
      "version": "2.11.6",
      "resolved": "https://registry.npmjs.org/@popperjs/core/-/core-2.11.6.tgz",
      "integrity": "sha512-50/17A98tWUfQ176raKiOGXuYpLyyVMkxxG6oylzL3BPOlA6ADGdK7EYunSa4I064xerltq9TGXs8HmOk5E+vw==",
      "dev": true
    },
    "@types/bootstrap": {
      "version": "5.2.6",
      "resolved": "https://registry.npmjs.org/@types/bootstrap/-/bootstrap-5.2.6.tgz",
      "integrity": "sha512-BlAc3YATdasbHoxMoBWODrSF6qwQO/E9X8wVxCCSa6rWjnaZfpkr2N6pUMCY6jj2+wf0muUtLySbvU9etX6YqA==",
      "dev": true,
      "requires": {
        "@popperjs/core": "^2.9.2"
      }
    },
    "@types/jquery": {
      "version": "3.5.14",
      "resolved": "https://registry.npmjs.org/@types/jquery/-/jquery-3.5.14.tgz",
      "integrity": "sha512-X1gtMRMbziVQkErhTQmSe2jFwwENA/Zr+PprCkF63vFq+Yt5PZ4AlKqgmeNlwgn7dhsXEK888eIW2520EpC+xg==",
      "dev": true,
      "requires": {
        "@types/sizzle": "*"
      }
    },
    "@types/sizzle": {
      "version": "2.3.3",
      "resolved": "https://registry.npmjs.org/@types/sizzle/-/sizzle-2.3.3.tgz",
      "integrity": "sha512-JYM8x9EGF163bEyhdJBpR2QX1R5naCJHC8ucJylJ3w9/CVBaskdQ8WqBf8MmQrd1kRvp/a4TS8HJ+bxzR7ZJYQ==",
      "dev": true
    },
    "@types/uuid": {
      "version": "9.0.0",
      "resolved": "https://registry.npmjs.org/@types/uuid/-/uuid-9.0.0.tgz",
      "integrity": "sha512-kr90f+ERiQtKWMz5rP32ltJ/BtULDI5RVO0uavn1HQUOwjx0R1h0rnDYNL0CepF1zL5bSY6FISAfd9tOdDhU5Q=="
    },
    "jquery": {
      "version": "3.6.2",
      "resolved": "https://registry.npmjs.org/jquery/-/jquery-3.6.2.tgz",
      "integrity": "sha512-/e7ulNIEEYk1Z/l4X0vpxGt+B/dNsV8ghOPAWZaJs8pkGvsSC0tm33aMGylXcj/U7y4IcvwtMXPMyBFZn/gK9A==",
      "dev": true
    },
    "typescript": {
      "version": "4.9.4",
      "resolved": "https://registry.npmjs.org/typescript/-/typescript-4.9.4.tgz",
      "integrity": "sha512-Uz+dTXYzxXXbsFpM86Wh3dKCxrQqUcVMxwU54orwlJjOpO3ao8L7j5lH+dWfTwgCwIuM9GQ2kvVotzYJMXTBZg==",
      "dev": true
    },
    "uuid": {
      "version": "9.0.0",
      "resolved": "https://registry.npmjs.org/uuid/-/uuid-9.0.0.tgz",
      "integrity": "sha512-MXcSTerfPa4uqyzStbRoTgt5XIe3x5+42+q1sDuy3R5MDk66URdLMOZe5aPX/SQd+kuYAh0FdP/pO28IkQyTeg=="
    }
  }
}
